
Microsoft Visual Studio Solution File, Format Version 12.00
# Visual Studio Version 17
VisualStudioVersion = 17.5.002.0
MinimumVisualStudioVersion = 10.0.40219.1
Project("{2150E333-8FDC-42A3-9474-1A3956D46DE8}") = "src", "src", "{1E659A30-4730-4971-B363-90B3526A2835}"
EndProject
Project("{9A19103F-16F7-4668-BE54-9A1E7A4F7556}") = "ValueObjects.Tests", "src\ValueObjects.Tests\ValueObjects.Tests.csproj", "{C18DB801-327A-48DB-BDBF-08244141774A}"
EndProject
Project("{9A19103F-16F7-4668-BE54-9A1E7A4F7556}") = "ValueObjects", "src\ValueObjects\ValueObjects.csproj", "{714CF722-BAC6-4343-B793-5A0429132414}"
EndProject
Global
	GlobalSection(SolutionConfigurationPlatforms) = preSolution
		Debug|Any CPU = Debug|Any CPU
		Release|Any CPU = Release|Any CPU
	EndGlobalSection
	GlobalSection(ProjectConfigurationPlatforms) = postSolution
		{C18DB801-327A-48DB-BDBF-08244141774A}.Debug|Any CPU.ActiveCfg = Debug|Any CPU
		{C18DB801-327A-48DB-BDBF-08244141774A}.Debug|Any CPU.Build.0 = Debug|Any CPU
		{C18DB801-327A-48DB-BDBF-08244141774A}.Release|Any CPU.ActiveCfg = Release|Any CPU
		{C18DB801-327A-48DB-BDBF-08244141774A}.Release|Any CPU.Build.0 = Release|Any CPU
		{714CF722-BAC6-4343-B793-5A0429132414}.Debug|Any CPU.ActiveCfg = Debug|Any CPU
		{714CF722-BAC6-4343-B793-5A0429132414}.Debug|Any CPU.Build.0 = Debug|Any CPU
		{714CF722-BAC6-4343-B793-5A0429132414}.Release|Any CPU.ActiveCfg = Release|Any CPU
		{714CF722-BAC6-4343-B793-5A0429132414}.Release|Any CPU.Build.0 = Release|Any CPU
	EndGlobalSection
	GlobalSection(SolutionProperties) = preSolution
		HideSolutionNode = FALSE
	EndGlobalSection
	GlobalSection(NestedProjects) = preSolution
		{C18DB801-327A-48DB-BDBF-08244141774A} = {1E659A30-4730-4971-B363-90B3526A2835}
		{714CF722-BAC6-4343-B793-5A0429132414} = {1E659A30-4730-4971-B363-90B3526A2835}
	EndGlobalSection
	GlobalSection(ExtensibilityGlobals) = postSolution
		SolutionGuid = {55468275-ADF1-4FA9-9549-491936F8664E}
	EndGlobalSection
EndGlobal
